
Microsoft Visual Studio Solution File, Format Version 12.00
# Visual Studio 15
VisualStudioVersion = 15.0.28010.2036
MinimumVisualStudioVersion = 10.0.40219.1
Project("{9A19103F-16F7-4668-BE54-9A1E7A4F7556}") = "AZ-Paas-Demo", "AZ-Paas-Demo\AZ-Paas-Demo.csproj", "{9635BB62-4AD9-4084-9719-651B061BC17B}"
EndProject
Project("{00D1A9C2-B5F0-4AF3-8072-F6C62B433612}") = "azpaasdemosql", "azpaasdemosql\azpaasdemosql.sqlproj", "{8A659C17-68D7-49A6-B06C-1F013CA207CF}"
EndProject
Project("{151D2E53-A2C4-4D7D-83FE-D05416EBD58E}") = "AZ-Pass-Demo.Deploy", "AZ-Pass-Demo.Deploy\AZ-Pass-Demo.Deploy.deployproj", "{08AB5646-FE8D-40F9-BDA0-20EA9B66BB07}"
EndProject
Project("{9A19103F-16F7-4668-BE54-9A1E7A4F7556}") = "AZ-Paas-Demo.Data", "AZ-Paas-Demo.Data\AZ-Paas-Demo.Data.csproj", "{E3EDEEBC-A5FE-47A1-90B2-DFF693037D8B}"
EndProject
Project("{151D2E53-A2C4-4D7D-83FE-D05416EBD58E}") = "AZ-PaaS-Demo.LogicApp.Deploy", "AZ-PaaS-Demo.LogicApp.Deploy\AZ-PaaS-Demo.LogicApp.Deploy.deployproj", "{C7EB29E0-56E6-4B31-A349-73F64E02309B}"
EndProject
Project("{FAE04EC0-301F-11D3-BF4B-00C04F79EFBC}") = "AZ-Paas-Demo.Test.WebAndLoadTest", "AZ-Paas-Demo.Test.WebAndLoadTest\AZ-Paas-Demo.Test.WebAndLoadTest.csproj", "{6837917F-62E5-4071-A478-A366859CABFD}"
EndProject
Project("{2150E333-8FDC-42A3-9474-1A3956D46DE8}") = "Solution Items", "Solution Items", "{78E459D4-B5B1-48E0-9D33-2119DF1DA50C}"
	ProjectSection(SolutionItems) = preProject
		Local.testsettings = Local.testsettings
	EndProjectSection
EndProject
Global
	GlobalSection(SolutionConfigurationPlatforms) = preSolution
		Debug|Any CPU = Debug|Any CPU
		Release|Any CPU = Release|Any CPU
	EndGlobalSection
	GlobalSection(ProjectConfigurationPlatforms) = postSolution
		{9635BB62-4AD9-4084-9719-651B061BC17B}.Debug|Any CPU.ActiveCfg = Debug|Any CPU
		{9635BB62-4AD9-4084-9719-651B061BC17B}.Debug|Any CPU.Build.0 = Debug|Any CPU
		{9635BB62-4AD9-4084-9719-651B061BC17B}.Release|Any CPU.ActiveCfg = Release|Any CPU
		{9635BB62-4AD9-4084-9719-651B061BC17B}.Release|Any CPU.Build.0 = Release|Any CPU
		{8A659C17-68D7-49A6-B06C-1F013CA207CF}.Debug|Any CPU.ActiveCfg = Debug|Any CPU
		{8A659C17-68D7-49A6-B06C-1F013CA207CF}.Debug|Any CPU.Build.0 = Debug|Any CPU
		{8A659C17-68D7-49A6-B06C-1F013CA207CF}.Debug|Any CPU.Deploy.0 = Debug|Any CPU
		{8A659C17-68D7-49A6-B06C-1F013CA207CF}.Release|Any CPU.ActiveCfg = Release|Any CPU
		{8A659C17-68D7-49A6-B06C-1F013CA207CF}.Release|Any CPU.Build.0 = Release|Any CPU
		{8A659C17-68D7-49A6-B06C-1F013CA207CF}.Release|Any CPU.Deploy.0 = Release|Any CPU
		{08AB5646-FE8D-40F9-BDA0-20EA9B66BB07}.Debug|Any CPU.ActiveCfg = Debug|Any CPU
		{08AB5646-FE8D-40F9-BDA0-20EA9B66BB07}.Debug|Any CPU.Build.0 = Debug|Any CPU
		{08AB5646-FE8D-40F9-BDA0-20EA9B66BB07}.Release|Any CPU.ActiveCfg = Release|Any CPU
		{08AB5646-FE8D-40F9-BDA0-20EA9B66BB07}.Release|Any CPU.Build.0 = Release|Any CPU
		{E3EDEEBC-A5FE-47A1-90B2-DFF693037D8B}.Debug|Any CPU.ActiveCfg = Debug|Any CPU
		{E3EDEEBC-A5FE-47A1-90B2-DFF693037D8B}.Debug|Any CPU.Build.0 = Debug|Any CPU
		{E3EDEEBC-A5FE-47A1-90B2-DFF693037D8B}.Release|Any CPU.ActiveCfg = Release|Any CPU
		{E3EDEEBC-A5FE-47A1-90B2-DFF693037D8B}.Release|Any CPU.Build.0 = Release|Any CPU
		{C7EB29E0-56E6-4B31-A349-73F64E02309B}.Debug|Any CPU.ActiveCfg = Debug|Any CPU
		{C7EB29E0-56E6-4B31-A349-73F64E02309B}.Debug|Any CPU.Build.0 = Debug|Any CPU
		{C7EB29E0-56E6-4B31-A349-73F64E02309B}.Release|Any CPU.ActiveCfg = Release|Any CPU
		{C7EB29E0-56E6-4B31-A349-73F64E02309B}.Release|Any CPU.Build.0 = Release|Any CPU
		{6837917F-62E5-4071-A478-A366859CABFD}.Debug|Any CPU.ActiveCfg = Debug|Any CPU
		{6837917F-62E5-4071-A478-A366859CABFD}.Debug|Any CPU.Build.0 = Debug|Any CPU
		{6837917F-62E5-4071-A478-A366859CABFD}.Release|Any CPU.ActiveCfg = Release|Any CPU
		{6837917F-62E5-4071-A478-A366859CABFD}.Release|Any CPU.Build.0 = Release|Any CPU
	EndGlobalSection
	GlobalSection(SolutionProperties) = preSolution
		HideSolutionNode = FALSE
	EndGlobalSection
	GlobalSection(ExtensibilityGlobals) = postSolution
		SolutionGuid = {1107D829-DC45-406F-9D73-8D15007B510B}
	EndGlobalSection
EndGlobal
